
Microsoft Visual Studio Solution File, Format Version 12.00
# Visual Studio Version 17
VisualStudioVersion = 17.7.34024.191
MinimumVisualStudioVersion = 10.0.40219.1
Project("{FAE04EC0-301F-11D3-BF4B-00C04F79EFBC}") = "Arbol binario", "Arbol binario\Arbol binario.csproj", "{BBADEB6E-5650-4667-A3D7-D9FF60AB7F9F}"
EndProject
Global
	GlobalSection(SolutionConfigurationPlatforms) = preSolution
		Debug|Any CPU = Debug|Any CPU
		Release|Any CPU = Release|Any CPU
	EndGlobalSection
	GlobalSection(ProjectConfigurationPlatforms) = postSolution
		{BBADEB6E-5650-4667-A3D7-D9FF60AB7F9F}.Debug|Any CPU.ActiveCfg = Debug|Any CPU
		{BBADEB6E-5650-4667-A3D7-D9FF60AB7F9F}.Debug|Any CPU.Build.0 = Debug|Any CPU
		{BBADEB6E-5650-4667-A3D7-D9FF60AB7F9F}.Release|Any CPU.ActiveCfg = Release|Any CPU
		{BBADEB6E-5650-4667-A3D7-D9FF60AB7F9F}.Release|Any CPU.Build.0 = Release|Any CPU
	EndGlobalSection
	GlobalSection(SolutionProperties) = preSolution
		HideSolutionNode = FALSE
	EndGlobalSection
	GlobalSection(ExtensibilityGlobals) = postSolution
		SolutionGuid = {02C28079-A5DC-487C-993D-70BA67516C6F}
	EndGlobalSection
EndGlobal
